
Microsoft Visual Studio Solution File, Format Version 12.00
# Visual Studio Version 16
VisualStudioVersion = 16.0.30225.117
MinimumVisualStudioVersion = 10.0.40219.1
Project("{FAE04EC0-301F-11D3-BF4B-00C04F79EFBC}") = "BRF1", "BRF1\BRF1.csproj", "{9CCFD2EE-54B0-4A7F-AB2B-3412440CDC45}"
EndProject
Global
	GlobalSection(SolutionConfigurationPlatforms) = preSolution
		Debug|Any CPU = Debug|Any CPU
		Release|Any CPU = Release|Any CPU
	EndGlobalSection
	GlobalSection(ProjectConfigurationPlatforms) = postSolution
		{9CCFD2EE-54B0-4A7F-AB2B-3412440CDC45}.Debug|Any CPU.ActiveCfg = Debug|Any CPU
		{9CCFD2EE-54B0-4A7F-AB2B-3412440CDC45}.Debug|Any CPU.Build.0 = Debug|Any CPU
		{9CCFD2EE-54B0-4A7F-AB2B-3412440CDC45}.Release|Any CPU.ActiveCfg = Release|Any CPU
		{9CCFD2EE-54B0-4A7F-AB2B-3412440CDC45}.Release|Any CPU.Build.0 = Release|Any CPU
	EndGlobalSection
	GlobalSection(SolutionProperties) = preSolution
		HideSolutionNode = FALSE
	EndGlobalSection
	GlobalSection(ExtensibilityGlobals) = postSolution
		SolutionGuid = {E078E04F-B987-47DB-8859-727345C12300}
	EndGlobalSection
EndGlobal
